lockfileVersion: 5.3

specifiers:
  '@types/node': ^16.4.4
  '@types/qs': ^6.9.7
  axios: ^0.21.1
  qs: ^6.9.6
  typescript: ^4.3.5

dependencies:
  axios: 0.21.4
  qs: 6.10.1

devDependencies:
  '@types/node': 16.11.7
  '@types/qs': 6.9.7
  typescript: 4.4.4

packages:

  /@types/node/16.11.7:
    resolution: {integrity: sha512-QB5D2sqfSjCmTuWcBWyJ+/44bcjO7VbjSbOE0ucoVbAsSNQc4Lt6QkgkVXkTDwkL4z/beecZNDvVX15D4P8Jbw==, tarball: '@types/node/download/@types/node-16.11.7.tgz'}
    dev: true

  /@types/qs/6.9.7:
    resolution: {integrity: sha1-Y7t9Bn2xB8weRXwwO8JdUR/r9ss=, tarball: '@types/qs/download/@types/qs-6.9.7.tgz'}
    dev: true

  /axios/0.21.4:
    resolution: {integrity: sha1-xnuQ3AVo5cHPKwuFjEO6KOLtpXU=, tarball: axios/download/axios-0.21.4.tgz}
    dependencies:
      follow-redirects: 1.14.5
    transitivePeerDependencies:
      - debug
    dev: false

  /call-bind/1.0.2:
    resolution: {integrity: sha1-sdTonmiBGcPJqQOtMKuy9qkZvjw=, tarball: call-bind/download/call-bind-1.0.2.tgz}
    dependencies:
      function-bind: 1.1.1
      get-intrinsic: 1.1.1
    dev: false

  /follow-redirects/1.14.5:
    resolution: {integrity: sha1-8JpYSJgdPHcrU5Iwl3hSP42Fw4E=, tarball: follow-redirects/download/follow-redirects-1.14.5.tgz}
    engines: {node: '>=4.0'}
    peerDependencies:
      debug: '*'
    peerDependenciesMeta:
      debug:
        optional: true
    dev: false

  /function-bind/1.1.1:
    resolution: {integrity: sha1-pWiZ0+o8m6uHS7l3O3xe3pL0iV0=, tarball: function-bind/download/function-bind-1.1.1.tgz}
    dev: false

  /get-intrinsic/1.1.1:
    resolution: {integrity: sha1-FfWfN2+FXERpY5SPDSTNNje0q8Y=, tarball: get-intrinsic/download/get-intrinsic-1.1.1.tgz}
    dependencies:
      function-bind: 1.1.1
      has: 1.0.3
      has-symbols: 1.0.2
    dev: false

  /has-symbols/1.0.2:
    resolution: {integrity: sha1-Fl0wcMADCXUqEjakeTMeOsVvFCM=, tarball: has-symbols/download/has-symbols-1.0.2.tgz}
    engines: {node: '>= 0.4'}
    dev: false

  /has/1.0.3:
    resolution: {integrity: sha1-ci18v8H2qoJB8W3YFOAR4fQeh5Y=, tarball: has/download/has-1.0.3.tgz}
    engines: {node: '>= 0.4.0'}
    dependencies:
      function-bind: 1.1.1
    dev: false

  /object-inspect/1.11.0:
    resolution: {integrity: sha1-nc6xRs7dQUig2eUauI00z1CZIrE=, tarball: object-inspect/download/object-inspect-1.11.0.tgz}
    dev: false

  /qs/6.10.1:
    resolution: {integrity: sha1-STFIL6jWR6Wqt5nFJx0hM7mB+2o=, tarball: qs/download/qs-6.10.1.tgz}
    engines: {node: '>=0.6'}
    dependencies:
      side-channel: 1.0.4
    dev: false

  /side-channel/1.0.4:
    resolution: {integrity: sha1-785cj9wQTudRslxY1CkAEfpeos8=, tarball: side-channel/download/side-channel-1.0.4.tgz}
    dependencies:
      call-bind: 1.0.2
      get-intrinsic: 1.1.1
      object-inspect: 1.11.0
    dev: false

  /typescript/4.4.4:
    resolution: {integrity: sha1-LNAaGh8WBwTTEB/VpY/w+fy4Aww=, tarball: typescript/download/typescript-4.4.4.tgz?cache=0&sync_timestamp=1636788347615&other_urls=https%3A%2F%2Fregistry.npmmirror.com%2Ftypescript%2Fdownload%2Ftypescript-4.4.4.tgz}
    engines: {node: '>=4.2.0'}
    hasBin: true
    dev: true
