# THIS IS AN AUTOGENERATED FILE. DO NOT EDIT THIS FILE DIRECTLY.
# yarn lockfile v1


"@types/qs@^6.9.5":
  version "6.9.5"
  resolved "http://192.168.126.39:8081/repository/npm-group/@types/qs/-/qs-6.9.5.tgz#434711bdd49eb5ee69d90c1d67c354a9a8ecb18b"
  integrity sha1-Q0cRvdSete5p2QwdZ8NUqajssYs=

axios@^0.21.1:
  version "0.21.1"
  resolved "http://192.168.126.39:8081/repository/npm-group/axios/-/axios-0.21.1.tgz#22563481962f4d6bde9a76d516ef0e5d3c09b2b8"
  integrity sha1-IlY0gZYvTWvemnbVFu8OXTwJsrg=
  dependencies:
    follow-redirects "^1.10.0"

follow-redirects@^1.10.0:
  version "1.13.2"
  resolved "http://192.168.126.39:8081/repository/npm-group/follow-redirects/-/follow-redirects-1.13.2.tgz#dd73c8effc12728ba5cf4259d760ea5fb83e3147"
  integrity sha1-3XPI7/wScoulz0JZ12DqX7g+MUc=

qs@^6.9.6:
  version "6.9.6"
  resolved "http://192.168.126.39:8081/repository/npm-group/qs/-/qs-6.9.6.tgz#26ed3c8243a431b2924aca84cc90471f35d5a0ee"
  integrity sha1-Ju08gkOkMbKSSsqEzJBHHzXVoO4=

typescript@^4.1.3:
  version "4.1.3"
  resolved "http://192.168.126.39:8081/repository/npm-group/typescript/-/typescript-4.1.3.tgz#519d582bd94cba0cf8934c7d8e8467e473f53bb7"
  integrity sha1-UZ1YK9lMugz4k0x9joRn5HP1O7c=
